{
    "version": 3,
    "terraform_version": "0.8.7",
    "serial": 9,
    "lineage": "995a16de-99cc-4ceb-b6df-cbf2d189fb7d",
    "modules": [
        {
            "path": [
                "root"
            ],
            "outputs": {},
            "resources": {
                "aws_emr_cluster.tf-test-cluster": {
                    "type": "aws_emr_cluster",
                    "depends_on": [
                        "aws_iam_instance_profile.emr_profile",
                        "aws_iam_role.iam_emr_service_role",
                        "aws_security_group.allow_all",
                        "aws_subnet.main"
                    ],
                    "primary": {
                        "id": "j-11ELZABFOLDRJ",
                        "attributes": {
                            "applications.#": "2",
                            "applications.1557323817": "Spark",
                            "applications.2086606022": "Hive",
                            "cluster_state": "WAITING",
                            "core_instance_count": "3",
                            "core_instance_type": "m3.xlarge",
                            "ec2_attributes.#": "1",
                            "ec2_attributes.0.additional_master_security_groups": "",
                            "ec2_attributes.0.additional_slave_security_groups": "",
                            "ec2_attributes.0.emr_managed_master_security_group": "sg-6ba78813",
                            "ec2_attributes.0.emr_managed_slave_security_group": "sg-6ba78813",
                            "ec2_attributes.0.instance_profile": "arn:aws:iam::323974372060:instance-profile/emr_profile",
                            "ec2_attributes.0.key_name": "vlakka_key",
                            "ec2_attributes.0.service_access_security_group": "",
                            "ec2_attributes.0.subnet_id": "subnet-abb73ecc",
                            "id": "j-11ELZABFOLDRJ",
                            "log_uri": "s3n://ciscoemr-logging-bucket/",
                            "master_instance_type": "m3.xlarge",
                            "master_public_dns": "ec2-52-33-125-103.us-west-2.compute.amazonaws.com",
                            "name": "emr-datecenter01",
                            "release_label": "emr-5.3.1",
                            "service_role": "arn:aws:iam::323974372060:role/iam_emr_service_role",
                            "tags.%": "4",
                            "tags.dns_zone": "env_zone",
                            "tags.env": "env",
                            "tags.name": "name-env",
                            "tags.role": "rolename",
                            "visible_to_all_users": "true"
                        },
                        "meta": {},
                        "tainted": false
                    },
                    "deposed": [],
                    "provider": ""
                },
                "aws_iam_instance_profile.emr_profile": {
                    "type": "aws_iam_instance_profile",
                    "depends_on": [
                        "aws_iam_role.iam_emr_profile_role"
                    ],
                    "primary": {
                        "id": "emr_profile",
                        "attributes": {
                            "arn": "arn:aws:iam::323974372060:instance-profile/emr_profile",
                            "id": "emr_profile",
                            "name": "emr_profile",
                            "path": "/",
                            "roles.#": "1",
                            "roles.3193005476": "iam_emr_profile_role"
                        },
                        "meta": {},
                        "tainted": false
                    },
                    "deposed": [],
                    "provider": ""
                },
                "aws_iam_role.iam_emr_profile_role": {
                    "type": "aws_iam_role",
                    "depends_on": [],
                    "primary": {
                        "id": "iam_emr_profile_role",
                        "attributes": {
                            "arn": "arn:aws:iam::323974372060:role/iam_emr_profile_role",
                            "assume_role_policy": "{\"Version\":\"2008-10-17\",\"Statement\":[{\"Sid\":\"\",\"Effect\":\"Allow\",\"Principal\":{\"Service\":\"ec2.amazonaws.com\"},\"Action\":\"sts:AssumeRole\"}]}",
                            "create_date": "2017-03-07T07:31:16Z",
                            "id": "iam_emr_profile_role",
                            "name": "iam_emr_profile_role",
                            "path": "/",
                            "unique_id": "AROAJ7GTUDNLXE4QSBPXW"
                        },
                        "meta": {},
                        "tainted": false
                    },
                    "deposed": [],
                    "provider": ""
                },
                "aws_iam_role.iam_emr_service_role": {
                    "type": "aws_iam_role",
                    "depends_on": [],
                    "primary": {
                        "id": "iam_emr_service_role",
                        "attributes": {
                            "arn": "arn:aws:iam::323974372060:role/iam_emr_service_role",
                            "assume_role_policy": "{\"Version\":\"2008-10-17\",\"Statement\":[{\"Sid\":\"\",\"Effect\":\"Allow\",\"Principal\":{\"Service\":\"elasticmapreduce.amazonaws.com\"},\"Action\":\"sts:AssumeRole\"}]}",
                            "create_date": "2017-03-07T07:31:16Z",
                            "id": "iam_emr_service_role",
                            "name": "iam_emr_service_role",
                            "path": "/",
                            "unique_id": "AROAIU6TDYDLLPJ4OO2YK"
                        },
                        "meta": {},
                        "tainted": false
                    },
                    "deposed": [],
                    "provider": ""
                },
                "aws_iam_role_policy.iam_emr_profile_policy": {
                    "type": "aws_iam_role_policy",
                    "depends_on": [
                        "aws_iam_role.iam_emr_profile_role"
                    ],
                    "primary": {
                        "id": "iam_emr_profile_role:iam_emr_profile_policy",
                        "attributes": {
                            "id": "iam_emr_profile_role:iam_emr_profile_policy",
                            "name": "iam_emr_profile_policy",
                            "policy": "{\r\n    \"Version\": \"2012-10-17\",\r\n    \"Statement\": [{\r\n        \"Effect\": \"Allow\",\r\n        \"Resource\": \"*\",\r\n        \"Action\": [\r\n            \"cloudwatch:*\",\r\n            \"dynamodb:*\",\r\n            \"ec2:Describe*\",\r\n            \"elasticmapreduce:Describe*\",\r\n            \"elasticmapreduce:ListBootstrapActions\",\r\n            \"elasticmapreduce:ListClusters\",\r\n            \"elasticmapreduce:ListInstanceGroups\",\r\n            \"elasticmapreduce:ListInstances\",\r\n            \"elasticmapreduce:ListSteps\",\r\n            \"kinesis:CreateStream\",\r\n            \"kinesis:DeleteStream\",\r\n            \"kinesis:DescribeStream\",\r\n            \"kinesis:GetRecords\",\r\n            \"kinesis:GetShardIterator\",\r\n            \"kinesis:MergeShards\",\r\n            \"kinesis:PutRecord\",\r\n            \"kinesis:SplitShard\",\r\n            \"rds:Describe*\",\r\n            \"s3:*\",\r\n            \"sdb:*\",\r\n            \"sns:*\",\r\n            \"sqs:*\"\r\n        ]\r\n    }]\r\n}\r\n",
                            "role": "iam_emr_profile_role"
                        },
                        "meta": {},
                        "tainted": false
                    },
                    "deposed": [],
                    "provider": ""
                },
                "aws_iam_role_policy.iam_emr_service_policy": {
                    "type": "aws_iam_role_policy",
                    "depends_on": [
                        "aws_iam_role.iam_emr_service_role"
                    ],
                    "primary": {
                        "id": "iam_emr_service_role:iam_emr_service_policy",
                        "attributes": {
                            "id": "iam_emr_service_role:iam_emr_service_policy",
                            "name": "iam_emr_service_policy",
                            "policy": "{\r\n    \"Version\": \"2012-10-17\",\r\n    \"Statement\": [{\r\n        \"Effect\": \"Allow\",\r\n        \"Resource\": \"*\",\r\n        \"Action\": [\r\n            \"ec2:AuthorizeSecurityGroupEgress\",\r\n            \"ec2:AuthorizeSecurityGroupIngress\",\r\n            \"ec2:CancelSpotInstanceRequests\",\r\n            \"ec2:CreateNetworkInterface\",\r\n            \"ec2:CreateSecurityGroup\",\r\n            \"ec2:CreateTags\",\r\n            \"ec2:DeleteNetworkInterface\",\r\n            \"ec2:DeleteSecurityGroup\",\r\n            \"ec2:DeleteTags\",\r\n            \"ec2:DescribeAvailabilityZones\",\r\n            \"ec2:DescribeAccountAttributes\",\r\n            \"ec2:DescribeDhcpOptions\",\r\n            \"ec2:DescribeInstanceStatus\",\r\n            \"ec2:DescribeInstances\",\r\n            \"ec2:DescribeKeyPairs\",\r\n            \"ec2:DescribeNetworkAcls\",\r\n            \"ec2:DescribeNetworkInterfaces\",\r\n            \"ec2:DescribePrefixLists\",\r\n            \"ec2:DescribeRouteTables\",\r\n            \"ec2:DescribeSecurityGroups\",\r\n            \"ec2:DescribeSpotInstanceRequests\",\r\n            \"ec2:DescribeSpotPriceHistory\",\r\n            \"ec2:DescribeSubnets\",\r\n            \"ec2:DescribeVpcAttribute\",\r\n            \"ec2:DescribeVpcEndpoints\",\r\n            \"ec2:DescribeVpcEndpointServices\",\r\n            \"ec2:DescribeVpcs\",\r\n            \"ec2:DetachNetworkInterface\",\r\n            \"ec2:ModifyImageAttribute\",\r\n            \"ec2:ModifyInstanceAttribute\",\r\n            \"ec2:RequestSpotInstances\",\r\n            \"ec2:RevokeSecurityGroupEgress\",\r\n            \"ec2:RunInstances\",\r\n            \"ec2:TerminateInstances\",\r\n            \"ec2:DeleteVolume\",\r\n            \"ec2:DescribeVolumeStatus\",\r\n            \"ec2:DescribeVolumes\",\r\n            \"ec2:DetachVolume\",\r\n            \"iam:GetRole\",\r\n            \"iam:GetRolePolicy\",\r\n            \"iam:ListInstanceProfiles\",\r\n            \"iam:ListRolePolicies\",\r\n            \"iam:PassRole\",\r\n            \"s3:CreateBucket\",\r\n            \"s3:Get*\",\r\n            \"s3:List*\",\r\n            \"sdb:BatchPutAttributes\",\r\n            \"sdb:Select\",\r\n            \"sqs:CreateQueue\",\r\n            \"sqs:Delete*\",\r\n            \"sqs:GetQueue*\",\r\n            \"sqs:PurgeQueue\",\r\n            \"sqs:ReceiveMessage\"\r\n        ]\r\n    }]\r\n}\r\n",
                            "role": "iam_emr_service_role"
                        },
                        "meta": {},
                        "tainted": false
                    },
                    "deposed": [],
                    "provider": ""
                },
                "aws_internet_gateway.gw": {
                    "type": "aws_internet_gateway",
                    "depends_on": [
                        "aws_vpc.main"
                    ],
                    "primary": {
                        "id": "igw-eee8d78a",
                        "attributes": {
                            "id": "igw-eee8d78a",
                            "tags.%": "0",
                            "vpc_id": "vpc-8692e3e1"
                        },
                        "meta": {},
                        "tainted": false
                    },
                    "deposed": [],
                    "provider": ""
                },
                "aws_main_route_table_association.a": {
                    "type": "aws_main_route_table_association",
                    "depends_on": [
                        "aws_route_table.r",
                        "aws_vpc.main"
                    ],
                    "primary": {
                        "id": "rtbassoc-72724414",
                        "attributes": {
                            "id": "rtbassoc-72724414",
                            "original_route_table_id": "rtb-5d74663a",
                            "route_table_id": "rtb-0f746668",
                            "vpc_id": "vpc-8692e3e1"
                        },
                        "meta": {},
                        "tainted": false
                    },
                    "deposed": [],
                    "provider": ""
                },
                "aws_route_table.r": {
                    "type": "aws_route_table",
                    "depends_on": [
                        "aws_internet_gateway.gw",
                        "aws_vpc.main"
                    ],
                    "primary": {
                        "id": "rtb-0f746668",
                        "attributes": {
                            "id": "rtb-0f746668",
                            "propagating_vgws.#": "0",
                            "route.#": "1",
                            "route.682384404.cidr_block": "0.0.0.0/0",
                            "route.682384404.gateway_id": "igw-eee8d78a",
                            "route.682384404.instance_id": "",
                            "route.682384404.nat_gateway_id": "",
                            "route.682384404.network_interface_id": "",
                            "route.682384404.vpc_peering_connection_id": "",
                            "tags.%": "0",
                            "vpc_id": "vpc-8692e3e1"
                        },
                        "meta": {},
                        "tainted": false
                    },
                    "deposed": [],
                    "provider": ""
                },
                "aws_security_group.allow_all": {
                    "type": "aws_security_group",
                    "depends_on": [
                        "aws_subnet.main",
                        "aws_vpc.main"
                    ],
                    "primary": {
                        "id": "sg-6ba78813",
                        "attributes": {
                            "description": "Allow all inbound traffic",
                            "egress.#": "1",
                            "egress.482069346.cidr_blocks.#": "1",
                            "egress.482069346.cidr_blocks.0": "0.0.0.0/0",
                            "egress.482069346.from_port": "0",
                            "egress.482069346.prefix_list_ids.#": "0",
                            "egress.482069346.protocol": "-1",
                            "egress.482069346.security_groups.#": "0",
                            "egress.482069346.self": "false",
                            "egress.482069346.to_port": "0",
                            "id": "sg-6ba78813",
                            "ingress.#": "5",
                            "ingress.1568224701.cidr_blocks.#": "0",
                            "ingress.1568224701.from_port": "-1",
                            "ingress.1568224701.protocol": "icmp",
                            "ingress.1568224701.security_groups.#": "0",
                            "ingress.1568224701.self": "true",
                            "ingress.1568224701.to_port": "-1",
                            "ingress.2350341212.cidr_blocks.#": "8",
                            "ingress.2350341212.cidr_blocks.0": "205.251.233.160/28",
                            "ingress.2350341212.cidr_blocks.1": "54.240.230.176/29",
                            "ingress.2350341212.cidr_blocks.2": "205.251.233.48/29",
                            "ingress.2350341212.cidr_blocks.3": "54.240.230.184/29",
                            "ingress.2350341212.cidr_blocks.4": "205.251.233.32/28",
                            "ingress.2350341212.cidr_blocks.5": "205.251.233.176/29",
                            "ingress.2350341212.cidr_blocks.6": "205.251.234.32/28",
                            "ingress.2350341212.cidr_blocks.7": "54.240.230.240/29",
                            "ingress.2350341212.from_port": "8443",
                            "ingress.2350341212.protocol": "tcp",
                            "ingress.2350341212.security_groups.#": "0",
                            "ingress.2350341212.self": "false",
                            "ingress.2350341212.to_port": "8443",
                            "ingress.3472572478.cidr_blocks.#": "0",
                            "ingress.3472572478.from_port": "0",
                            "ingress.3472572478.protocol": "udp",
                            "ingress.3472572478.security_groups.#": "0",
                            "ingress.3472572478.self": "true",
                            "ingress.3472572478.to_port": "65535",
                            "ingress.3544538468.cidr_blocks.#": "0",
                            "ingress.3544538468.from_port": "0",
                            "ingress.3544538468.protocol": "tcp",
                            "ingress.3544538468.security_groups.#": "0",
                            "ingress.3544538468.self": "true",
                            "ingress.3544538468.to_port": "65535",
                            "ingress.482069346.cidr_blocks.#": "1",
                            "ingress.482069346.cidr_blocks.0": "0.0.0.0/0",
                            "ingress.482069346.from_port": "0",
                            "ingress.482069346.protocol": "-1",
                            "ingress.482069346.security_groups.#": "0",
                            "ingress.482069346.self": "false",
                            "ingress.482069346.to_port": "0",
                            "name": "allow_all",
                            "owner_id": "323974372060",
                            "tags.%": "1",
                            "tags.name": "emr_test",
                            "vpc_id": "vpc-8692e3e1"
                        },
                        "meta": {},
                        "tainted": false
                    },
                    "deposed": [],
                    "provider": ""
                },
                "aws_subnet.main": {
                    "type": "aws_subnet",
                    "depends_on": [
                        "aws_vpc.main"
                    ],
                    "primary": {
                        "id": "subnet-abb73ecc",
                        "attributes": {
                            "availability_zone": "us-west-2a",
                            "cidr_block": "168.31.0.0/20",
                            "id": "subnet-abb73ecc",
                            "map_public_ip_on_launch": "false",
                            "tags.%": "1",
                            "tags.name": "emr_test",
                            "vpc_id": "vpc-8692e3e1"
                        },
                        "meta": {},
                        "tainted": false
                    },
                    "deposed": [],
                    "provider": ""
                },
                "aws_vpc.main": {
                    "type": "aws_vpc",
                    "depends_on": [],
                    "primary": {
                        "id": "vpc-8692e3e1",
                        "attributes": {
                            "cidr_block": "168.31.0.0/16",
                            "default_network_acl_id": "acl-06e1cc61",
                            "default_route_table_id": "rtb-0f746668",
                            "default_security_group_id": "sg-a2a887da",
                            "dhcp_options_id": "dopt-d69962b1",
                            "enable_classiclink": "false",
                            "enable_dns_hostnames": "true",
                            "enable_dns_support": "true",
                            "id": "vpc-8692e3e1",
                            "instance_tenancy": "default",
                            "main_route_table_id": "rtb-0f746668",
                            "tags.%": "1",
                            "tags.name": "emr_test"
                        },
                        "meta": {},
                        "tainted": false
                    },
                    "deposed": [],
                    "provider": ""
                }
            },
            "depends_on": []
        }
    ]
}
